# THIS IS AN AUTOGENERATED FILE. DO NOT EDIT THIS FILE DIRECTLY.
# yarn lockfile v1


"@js-joda/core@3.2.0":
  version "3.2.0"
  resolved "https://registry.yarnpkg.com/@js-joda/core/-/core-3.2.0.tgz#3e61e21b7b2b8a6be746df1335cf91d70db2a273"
  integrity sha512-PMqgJ0sw5B7FKb2d5bWYIoxjri+QlW/Pys7+Rw82jSH0QN3rB05jZ/VrrsUdh1w4+i2kw9JOejXGq/KhDOX7Kg==

"@kormium/sqlite-wasm-worker@0.1.0":
  version "0.1.0"
  resolved "https://registry.yarnpkg.com/@kormium/sqlite-wasm-worker/-/sqlite-wasm-worker-0.1.0.tgz#e2738980434b2b9e7ce0f5997ee17aa34487fc49"
  integrity sha512-J2kEWyGUwF2BhdmmYUtfYe9i7Q/NdMaa2V0N6FwmKx1KF6yqZw/QXZl1PE5TzNaZP6hSe985NbmU6vns7CyJsA==
  dependencies:
    "@sqlite.org/sqlite-wasm" "3.53.0-build1"

"@sqlite.org/sqlite-wasm@3.53.0-build1":
  version "3.53.0-build1"
  resolved "https://registry.yarnpkg.com/@sqlite.org/sqlite-wasm/-/sqlite-wasm-3.53.0-build1.tgz#066cab9189973c39edbb7078c55bb4daa1cd2d30"
  integrity sha512-PfWPWN2n+/37doa8oh2/oUXk4OOsRYZsxc1W1sDXIGb/Pu5Yrb+f2eyYpgQMGITVX7HVgxhs9P18Rc6I97ym/g==

aws-ssl-profiles@^1.1.2:
  version "1.1.2"
  resolved "https://registry.yarnpkg.com/aws-ssl-profiles/-/aws-ssl-profiles-1.1.2.tgz#157dd77e9f19b1d123678e93f120e6f193022641"
  integrity sha512-NZKeq9AfyQvEeNlN0zSYAaWrmBffJh3IELMZfRpJVWgrpEbtEpnjvzqBPf+mxoI287JohRDoa+/nsfqqiZmF6g==

better-sqlite3@13.0.3:
  version "13.0.3"
  resolved "https://registry.yarnpkg.com/better-sqlite3/-/better-sqlite3-13.0.3.tgz#b6ea0dc7fff7e28d04d9093e81051d38f7beabe2"
  integrity sha512-RbOBxmLBG8uvFUc15X9+9SFemKcQ0WBuISBVkpuiaUB2qblC8UWlHEjdWVoZ8AdhSwmoEgsiXKfopX0CQxaACQ==
  dependencies:
    node-addon-api "^8.0.0"

denque@^2.1.0:
  version "2.1.0"
  resolved "https://registry.yarnpkg.com/denque/-/denque-2.1.0.tgz#e93e1a6569fb5e66f16a3c2a2964617d349d6ab1"
  integrity sha512-HVQE3AAb/pxF8fQAoiqpvg9i3evqug3hoiwakOyZAwJm+6vZehbkYXZ0l4JxS+I3QxM97v5aaRNhj8v5oBhekw==

generate-function@^2.3.1:
  version "2.3.1"
  resolved "https://registry.yarnpkg.com/generate-function/-/generate-function-2.3.1.tgz#f069617690c10c868e73b8465746764f97c3479f"
  integrity sha512-eeB5GfMNeevm/GRYq20ShmsaGcmI81kIX2K9XQx5miC8KdHaC6Jm0qQ8ZNeGOi7wYB8OsdxKs+Y2oVuTFuVwKQ==
  dependencies:
    is-property "^1.0.2"

iconv-lite@^0.7.2:
  version "0.7.2"
  resolved "https://registry.yarnpkg.com/iconv-lite/-/iconv-lite-0.7.2.tgz#d0bdeac3f12b4835b7359c2ad89c422a4d1cc72e"
  integrity sha512-im9DjEDQ55s9fL4EYzOAv0yMqmMBSZp6G0VvFyTMPKWxiSBHUj9NW/qqLmXUwXrrM7AvqSlTCfvqRb0cM8yYqw==
  dependencies:
    safer-buffer ">= 2.1.2 < 3.0.0"

is-property@^1.0.2:
  version "1.0.2"
  resolved "https://registry.yarnpkg.com/is-property/-/is-property-1.0.2.tgz#57fe1c4e48474edd65b09911f26b1cd4095dda84"
  integrity sha512-Ks/IoX00TtClbGQr4TWXemAnktAQvYB7HzcCxDGqEZU6oCmb2INHuOoKxbtR+HFkmYWBKv/dOZtGRiAjDhj92g==

long@^5.3.2:
  version "5.3.2"
  resolved "https://registry.yarnpkg.com/long/-/long-5.3.2.tgz#1d84463095999262d7d7b7f8bfd4a8cc55167f83"
  integrity sha512-mNAgZ1GmyNhD7AuqnTG3/VQ26o760+ZYBPKjPvugO8+nLbYfX6TVpJPseBvopbdY+qpZ/lKUnmEc1LeZYS3QAA==

lru.min@^1.1.0, lru.min@^1.1.4:
  version "1.1.4"
  resolved "https://registry.yarnpkg.com/lru.min/-/lru.min-1.1.4.tgz#6ea1737a8c1ba2300cc87ad46910a4bdffa0117b"
  integrity sha512-DqC6n3QQ77zdFpCMASA1a3Jlb64Hv2N2DciFGkO/4L9+q/IpIAuRlKOvCXabtRW6cQf8usbmM6BE/TOPysCdIA==

mysql2@3.22.5:
  version "3.22.5"
  resolved "https://registry.yarnpkg.com/mysql2/-/mysql2-3.22.5.tgz#26c51c035ac577579ad239168015ad1eec321679"
  integrity sha512-95uZ2TrPWAZdwpB3vvvDbmEMcNG8yIeNCyu6GUcr/QnWEE/wXm7+mhOCsdQfWQDTV7qYT/PDUZ4U4UPP4AsXqQ==
  dependencies:
    aws-ssl-profiles "^1.1.2"
    denque "^2.1.0"
    generate-function "^2.3.1"
    iconv-lite "^0.7.2"
    long "^5.3.2"
    lru.min "^1.1.4"
    named-placeholders "^1.1.6"
    sql-escaper "^1.3.3"

named-placeholders@^1.1.6:
  version "1.1.6"
  resolved "https://registry.yarnpkg.com/named-placeholders/-/named-placeholders-1.1.6.tgz#c50c6920b43f258f59c16add1e56654f5cc02bb5"
  integrity sha512-Tz09sEL2EEuv5fFowm419c1+a/jSMiBjI9gHxVLrVdbUkkNUUfjsVYs9pVZu5oCon/kmRh9TfLEObFtkVxmY0w==
  dependencies:
    lru.min "^1.1.0"

node-addon-api@^8.0.0:
  version "8.9.2"
  resolved "https://registry.yarnpkg.com/node-addon-api/-/node-addon-api-8.9.2.tgz#db7ac94a13ffd9b55e6cb04584bd5ef8e1d74b18"
  integrity sha512-VijLXbi3UACN69I0JVXJsX4tjACjNoQDgv2gTF6sx2wWEi8tkSg2eX8p5gSIFi8z2+DL3oHmY6OyKce38SDolg==

pg-cloudflare@^1.1.1:
  version "1.4.0"
  resolved "https://registry.yarnpkg.com/pg-cloudflare/-/pg-cloudflare-1.4.0.tgz#4b4c20e6d8ae531d400730f4804571a8d62f1497"
  integrity sha512-Vo7z/6rrQYxpNRylp4Tlob2elzbh+N/MOQbxFVWCxS7oEx6jF53GTJFxK2WWpKuBRkmiin4Mt+xofFDjx09R0A==

pg-connection-string@^2.7.0:
  version "2.14.0"
  resolved "https://registry.yarnpkg.com/pg-connection-string/-/pg-connection-string-2.14.0.tgz#abc26ee4f37c56c0f3ae0fcf0b0653cc4e1c0fd9"
  integrity sha512-XwWDGcLRGCXAR8F/AM5bG7Q+A3Wm2s6QeEjlOKZLlH3UYcguiqCWKyWXVag5TLTIjR7oOJUY8kcADaZgWPyLeg==

pg-int8@1.0.1:
  version "1.0.1"
  resolved "https://registry.yarnpkg.com/pg-int8/-/pg-int8-1.0.1.tgz#943bd463bf5b71b4170115f80f8efc9a0c0eb78c"
  integrity sha512-WCtabS6t3c8SkpDBUlb1kjOs7l66xsGdKpIPZsg4wR+B3+u9UAum2odSsF9tnvxg80h4ZxLWMy4pRjOsFIqQpw==

pg-pool@^3.7.0:
  version "3.14.0"
  resolved "https://registry.yarnpkg.com/pg-pool/-/pg-pool-3.14.0.tgz#f35ae4eb846780cad71af24099b3edfa9781ad90"
  integrity sha512-gKtPkFdQPU3DksooVLi9LsjZxrsBUZIpa+7aVx+LV5pNh0KzP4Zleud2po+ConrxbuXGBJ6Hfer6hdgpIBpBaw==

pg-protocol@^1.7.0:
  version "1.15.0"
  resolved "https://registry.yarnpkg.com/pg-protocol/-/pg-protocol-1.15.0.tgz#758f6c0679cc0bbf4938603b7597703f333180c0"
  integrity sha512-cq9sECI5s0+uPUXjbz8ioyPJni6RzsRib0US67i5IoTZKw8fNeYlVE7u8F4dG7vEJJtc5wdD1K189lCCUwqWTQ==

pg-types@^2.1.0:
  version "2.2.0"
  resolved "https://registry.yarnpkg.com/pg-types/-/pg-types-2.2.0.tgz#2d0250d636454f7cfa3b6ae0382fdfa8063254a3"
  integrity sha512-qTAAlrEsl8s4OiEQY69wDvcMIdQN6wdz5ojQiOy6YRMuynxenON0O5oCpJI6lshc6scgAY8qvJ2On/p+CXY0GA==
  dependencies:
    pg-int8 "1.0.1"
    postgres-array "~2.0.0"
    postgres-bytea "~1.0.0"
    postgres-date "~1.0.4"
    postgres-interval "^1.1.0"

pg@8.13.1:
  version "8.13.1"
  resolved "https://registry.yarnpkg.com/pg/-/pg-8.13.1.tgz#6498d8b0a87ff76c2df7a32160309d3168c0c080"
  integrity sha512-OUir1A0rPNZlX//c7ksiu7crsGZTKSOXJPgtNiHGIlC9H0lO+NC6ZDYksSgBYY/thSWhnSRBv8w1lieNNGATNQ==
  dependencies:
    pg-connection-string "^2.7.0"
    pg-pool "^3.7.0"
    pg-protocol "^1.7.0"
    pg-types "^2.1.0"
    pgpass "1.x"
  optionalDependencies:
    pg-cloudflare "^1.1.1"

pgpass@1.x:
  version "1.0.6"
  resolved "https://registry.yarnpkg.com/pgpass/-/pgpass-1.0.6.tgz#d3f6629b024b16fe2a9f8b033e6befc34e2ddb07"
  integrity sha512-lqIfH7bdgsxHAY/ZnUOwm+aCFKrsHBDhSFuk9O0B9uCqJAIkrKTo/+LQqLPLUS4e04+jCmQVikxE3QipH5chPw==

postgres-array@~2.0.0:
  version "2.0.0"
  resolved "https://registry.yarnpkg.com/postgres-array/-/postgres-array-2.0.0.tgz#48f8fce054fbc69671999329b8834b772652d82e"
  integrity sha512-VpZrUqU5A69eQyW2c5CA1jtLecCsN2U/bD6VilrFDWq5+5UIEVO7nazS3TEcHf1zuPYO/sqGvUvW62g86RXZuA==

postgres-bytea@~1.0.0:
  version "1.0.1"
  resolved "https://registry.yarnpkg.com/postgres-bytea/-/postgres-bytea-1.0.1.tgz#c40b3da0222c500ff1e51c5d7014b60b79697c7a"
  integrity sha512-5+5HqXnsZPE65IJZSMkZtURARZelel2oXUEO8rH83VS/hxH5vv1uHquPg5wZs8yMAfdv971IU+kcPUczi7NVBQ==

postgres-date@~1.0.4:
  version "1.0.7"
  resolved "https://registry.yarnpkg.com/postgres-date/-/postgres-date-1.0.7.tgz#51bc086006005e5061c591cee727f2531bf641a8"
  integrity sha512-suDmjLVQg78nMK2UZ454hAG+OAW+HQPZ6n++TNDUX+L0+uUlLywnoxJKDou51Zm+zTCjrCl0Nq6J9C5hP9vK/Q==

postgres-interval@^1.1.0:
  version "1.2.0"
  resolved "https://registry.yarnpkg.com/postgres-interval/-/postgres-interval-1.2.0.tgz#b460c82cb1587507788819a06aa0fffdb3544695"
  integrity sha512-9ZhXKM/rw350N1ovuWHbGxnGh/SNJ4cnxHiM0rxE4VN41wsg8P8zWn9hv/buK00RP4WvlOyr/RBDiptyxVbkZQ==
  dependencies:
    xtend "^4.0.0"

"safer-buffer@>= 2.1.2 < 3.0.0":
  version "2.1.2"
  resolved "https://registry.yarnpkg.com/safer-buffer/-/safer-buffer-2.1.2.tgz#44fa161b0187b9549dd84bb91802f9bd8385cd6a"
  integrity sha512-YZo3K82SD7Riyi0E1EQPojLz7kpepnSQI9IyPbHHg1XXXevb5dJI7tpyN2ADxGcQbHG7vcyRHk0cbwqcQriUtg==

sql-escaper@^1.3.3:
  version "1.3.3"
  resolved "https://registry.yarnpkg.com/sql-escaper/-/sql-escaper-1.3.3.tgz#65faf89f048d26bb9a75566b82b5990ddf8a5b7f"
  integrity sha512-BsTCV265VpTp8tm1wyIm1xqQCS+Q9NHx2Sr+WcnUrgLrQ6yiDIvHYJV5gHxsj1lMBy2zm5twLaZao8Jd+S8JJw==

wa-sqlite@1.0.0:
  version "1.0.0"
  resolved "https://registry.yarnpkg.com/wa-sqlite/-/wa-sqlite-1.0.0.tgz#84eb5071becb9ac6ae67cd97633db7fb345e1621"
  integrity sha512-Kyybo5/BaJp76z7gDWGk2J6Hthl4NIPsE+swgraEjy3IY6r5zIR02wAs1OJH4XtJp1y3puj3Onp5eMGS0z7nUA==

"wa-sqlite@github:rhashimoto/wa-sqlite#v1.1.2":
  version "1.1.1"
  resolved "https://codeload.github.com/rhashimoto/wa-sqlite/tar.gz/2bf1c59d89eb6497535a4217bc62fec68a0bb994"

xtend@^4.0.0:
  version "4.0.2"
  resolved "https://registry.yarnpkg.com/xtend/-/xtend-4.0.2.tgz#bb72779f5fa465186b1f438f674fa347fdb5db54"
  integrity sha512-LKYU1iAXJXUgAXn9URjiu+MWhyUXHsvfp7mcuYm9dSUKK0/CjtrUwFAxD82/mCWbtLsGjFIad0wIsod4zrTAEQ==
